
Microsoft Visual Studio Solution File, Format Version 12.00
# Visual Studio 15
VisualStudioVersion = 15.0.27703.2026
MinimumVisualStudioVersion = 10.0.40219.1
Project("{FAE04EC0-301F-11D3-BF4B-00C04F79EFBC}") = "handlingGenericObject", "handlingGenericObject\handlingGenericObject.csproj", "{56EA8EB5-0DC0-4B07-91E0-791F9C635009}"
EndProject
Global
	GlobalSection(SolutionConfigurationPlatforms) = preSolution
		Debug|Any CPU = Debug|Any CPU
		Release|Any CPU = Release|Any CPU
	EndGlobalSection
	GlobalSection(ProjectConfigurationPlatforms) = postSolution
		{56EA8EB5-0DC0-4B07-91E0-791F9C635009}.Debug|Any CPU.ActiveCfg = Debug|Any CPU
		{56EA8EB5-0DC0-4B07-91E0-791F9C635009}.Debug|Any CPU.Build.0 = Debug|Any CPU
		{56EA8EB5-0DC0-4B07-91E0-791F9C635009}.Release|Any CPU.ActiveCfg = Release|Any CPU
		{56EA8EB5-0DC0-4B07-91E0-791F9C635009}.Release|Any CPU.Build.0 = Release|Any CPU
	EndGlobalSection
	GlobalSection(SolutionProperties) = preSolution
		HideSolutionNode = FALSE
	EndGlobalSection
	GlobalSection(ExtensibilityGlobals) = postSolution
		SolutionGuid = {E0D88CC5-D89C-4303-9F14-8996A89EBE0A}
	EndGlobalSection
EndGlobal
